
Microsoft Visual Studio Solution File, Format Version 12.00
# Visual Studio 15
VisualStudioVersion = 15.0.27130.2003
MinimumVisualStudioVersion = 10.0.40219.1
Project("{FAE04EC0-301F-11D3-BF4B-00C04F79EFBC}") = "AdventOfCode", "AdventOfCode\AdventOfCode.csproj", "{BDD4D17E-5FD4-4D51-A39E-AEF64C207808}"
EndProject
Global
	GlobalSection(SolutionConfigurationPlatforms) = preSolution
		Debug|Any CPU = Debug|Any CPU
		Release|Any CPU = Release|Any CPU
	EndGlobalSection
	GlobalSection(ProjectConfigurationPlatforms) = postSolution
		{BDD4D17E-5FD4-4D51-A39E-AEF64C207808}.Debug|Any CPU.ActiveCfg = Debug|Any CPU
		{BDD4D17E-5FD4-4D51-A39E-AEF64C207808}.Debug|Any CPU.Build.0 = Debug|Any CPU
		{BDD4D17E-5FD4-4D51-A39E-AEF64C207808}.Release|Any CPU.ActiveCfg = Release|Any CPU
		{BDD4D17E-5FD4-4D51-A39E-AEF64C207808}.Release|Any CPU.Build.0 = Release|Any CPU
	EndGlobalSection
	GlobalSection(SolutionProperties) = preSolution
		HideSolutionNode = FALSE
	EndGlobalSection
	GlobalSection(ExtensibilityGlobals) = postSolution
		SolutionGuid = {37FE3B33-5AC4-4A3F-92A0-E6CED38F7D91}
	EndGlobalSection
EndGlobal
